// !$*UTF8*$!
{
	archiveVersion = 1;
	classes = {
	};
	objectVersion = 46;
	objects = {

/* Begin PBXBuildFile section */
		950ABA4D20B0B17A0007E50F /* ShipDetailTableViewCell.swift in Sources */ = {isa = PBXBuildFile; fileRef = 950ABA4C20B0B17A0007E50F /* ShipDetailTableViewCell.swift */; };
		950BB2CE20A9ECC800D5536F /* AuthViewController.swift in Sources */ = {isa = PBXBuildFile; fileRef = 950BB2CD20A9ECC800D5536F /* AuthViewController.swift */; };
		951D20E820B1C4BF00763178 /* EquipDetailsViewController.swift in Sources */ = {isa = PBXBuildFile; fileRef = 951D20E720B1C4BF00763178 /* EquipDetailsViewController.swift */; };
		954A67E02053E54F001781EC /* AppDelegate.swift in Sources */ = {isa = PBXBuildFile; fileRef = 954A67DF2053E54F001781EC /* AppDelegate.swift */; };
		954A67E22053E54F001781EC /* ViewController.swift in Sources */ = {isa = PBXBuildFile; fileRef = 954A67E12053E54F001781EC /* ViewController.swift */; };
		954A67E52053E54F001781EC /* Main.storyboard in Resources */ = {isa = PBXBuildFile; fileRef = 954A67E32053E54F001781EC /* Main.storyboard */; };
		954A67E72053E54F001781EC /* Assets.xcassets in Resources */ = {isa = PBXBuildFile; fileRef = 954A67E62053E54F001781EC /* Assets.xcassets */; };
		954A67EA2053E54F001781EC /* LaunchScreen.storyboard in Resources */ = {isa = PBXBuildFile; fileRef = 954A67E82053E54F001781EC /* LaunchScreen.storyboard */; };
		954A67F22053E912001781EC /* FleetViewController.swift in Sources */ = {isa = PBXBuildFile; fileRef = 954A67F12053E912001781EC /* FleetViewController.swift */; };
		95ACCE292080091600BC6977 /* ShipViewController.swift in Sources */ = {isa = PBXBuildFile; fileRef = 95ACCE282080091600BC6977 /* ShipViewController.swift */; };
		95ACCE2D2080188900BC6977 /* EquipTableViewCell.swift in Sources */ = {isa = PBXBuildFile; fileRef = 95ACCE2C2080188900BC6977 /* EquipTableViewCell.swift */; };
		95F6BE2020B0894800F8AFCB /* EditingViewController.swift in Sources */ = {isa = PBXBuildFile; fileRef = 95F6BE1F20B0894800F8AFCB /* EditingViewController.swift */; };
/* End PBXBuildFile section */

/* Begin PBXFileReference section */
		950ABA4C20B0B17A0007E50F /* ShipDetailTableViewCell.swift */ = {isa = PBXFileReference; fileEncoding = 4; lastKnownFileType = sourcecode.swift; path = ShipDetailTableViewCell.swift; sourceTree = "<group>"; };
		950BB2CD20A9ECC800D5536F /* AuthViewController.swift */ = {isa = PBXFileReference; fileEncoding = 4; lastKnownFileType = sourcecode.swift; path = AuthViewController.swift; sourceTree = "<group>"; };
		951D20E720B1C4BF00763178 /* EquipDetailsViewController.swift */ = {isa = PBXFileReference; fileEncoding = 4; lastKnownFileType = sourcecode.swift; path = EquipDetailsViewController.swift; sourceTree = "<group>"; };
		954A67DC2053E54F001781EC /* alphatron.app */ = {isa = PBXFileReference; explicitFileType = wrapper.application; includeInIndex = 0; path = alphatron.app; sourceTree = BUILT_PRODUCTS_DIR; };
		954A67DF2053E54F001781EC /* AppDelegate.swift */ = {isa = PBXFileReference; lastKnownFileType = sourcecode.swift; path = AppDelegate.swift; sourceTree = "<group>"; };
		954A67E12053E54F001781EC /* ViewController.swift */ = {isa = PBXFileReference; lastKnownFileType = sourcecode.swift; path = ViewController.swift; sourceTree = "<group>"; };
		954A67E42053E54F001781EC /* Base */ = {isa = PBXFileReference; lastKnownFileType = file.storyboard; name = Base; path = Base.lproj/Main.storyboard; sourceTree = "<group>"; };
		954A67E62053E54F001781EC /* Assets.xcassets */ = {isa = PBXFileReference; lastKnownFileType = folder.assetcatalog; path = Assets.xcassets; sourceTree = "<group>"; };
		954A67E92053E54F001781EC /* Base */ = {isa = PBXFileReference; lastKnownFileType = file.storyboard; name = Base; path = Base.lproj/LaunchScreen.storyboard; sourceTree = "<group>"; };
		954A67EB2053E54F001781EC /* Info.plist */ = {isa = PBXFileReference; lastKnownFileType = text.plist.xml; path = Info.plist; sourceTree = "<group>"; };
		954A67F12053E912001781EC /* FleetViewController.swift */ = {isa = PBXFileReference; fileEncoding = 4; lastKnownFileType = sourcecode.swift; path = FleetViewController.swift; sourceTree = "<group>"; };
		95ACCE282080091600BC6977 /* ShipViewController.swift */ = {isa = PBXFileReference; fileEncoding = 4; lastKnownFileType = sourcecode.swift; path = ShipViewController.swift; sourceTree = "<group>"; };
		95ACCE2C2080188900BC6977 /* EquipTableViewCell.swift */ = {isa = PBXFileReference; fileEncoding = 4; lastKnownFileType = sourcecode.swift; path = EquipTableViewCell.swift; sourceTree = "<group>"; };
		95F6BE1F20B0894800F8AFCB /* EditingViewController.swift */ = {isa = PBXFileReference; fileEncoding = 4; lastKnownFileType = sourcecode.swift; path = EditingViewController.swift; sourceTree = "<group>"; };
/* End PBXFileReference section */

/* Begin PBXFrameworksBuildPhase section */
		954A67D92053E54F001781EC /* Frameworks */ = {
			isa = PBXFrameworksBuildPhase;
			buildActionMask = 2147483647;
			files = (
			);
			runOnlyForDeploymentPostprocessing = 0;
		};
/* End PBXFrameworksBuildPhase section */

/* Begin PBXGroup section */
		954A67D32053E54F001781EC = {
			isa = PBXGroup;
			children = (
				954A67DE2053E54F001781EC /* alphatron */,
				954A67DD2053E54F001781EC /* Products */,
			);
			sourceTree = "<group>";
		};
		954A67DD2053E54F001781EC /* Products */ = {
			isa = PBXGroup;
			children = (
				954A67DC2053E54F001781EC /* alphatron.app */,
			);
			name = Products;
			sourceTree = "<group>";
		};
		954A67DE2053E54F001781EC /* alphatron */ = {
			isa = PBXGroup;
			children = (
				954A67DF2053E54F001781EC /* AppDelegate.swift */,
				954A67E12053E54F001781EC /* ViewController.swift */,
				954A67E32053E54F001781EC /* Main.storyboard */,
				950BB2CD20A9ECC800D5536F /* AuthViewController.swift */,
				954A67F12053E912001781EC /* FleetViewController.swift */,
				95ACCE282080091600BC6977 /* ShipViewController.swift */,
				95F6BE1F20B0894800F8AFCB /* EditingViewController.swift */,
				951D20E720B1C4BF00763178 /* EquipDetailsViewController.swift */,
				95ACCE2C2080188900BC6977 /* EquipTableViewCell.swift */,
				950ABA4C20B0B17A0007E50F /* ShipDetailTableViewCell.swift */,
				954A67E62053E54F001781EC /* Assets.xcassets */,
				954A67E82053E54F001781EC /* LaunchScreen.storyboard */,
				954A67EB2053E54F001781EC /* Info.plist */,
			);
			path = alphatron;
			sourceTree = "<group>";
		};
/* End PBXGroup section */

/* Begin PBXNativeTarget section */
		954A67DB2053E54F001781EC /* alphatron */ = {
			isa = PBXNativeTarget;
			buildConfigurationList = 954A67EE2053E54F001781EC /* Build configuration list for PBXNativeTarget "alphatron" */;
			buildPhases = (
				954A67D82053E54F001781EC /* Sources */,
				954A67D92053E54F001781EC /* Frameworks */,
				954A67DA2053E54F001781EC /* Resources */,
			);
			buildRules = (
			);
			dependencies = (
			);
			name = alphatron;
			productName = alphatron;
			productReference = 954A67DC2053E54F001781EC /* alphatron.app */;
			productType = "com.apple.product-type.application";
		};
/* End PBXNativeTarget section */

/* Begin PBXProject section */
		954A67D42053E54F001781EC /* Project object */ = {
			isa = PBXProject;
			attributes = {
				LastSwiftUpdateCheck = 0830;
				LastUpgradeCheck = 0830;
				ORGANIZATIONNAME = Anna;
				TargetAttributes = {
					954A67DB2053E54F001781EC = {
						CreatedOnToolsVersion = 8.3.3;
						ProvisioningStyle = Automatic;
					};
				};
			};
			buildConfigurationList = 954A67D72053E54F001781EC /* Build configuration list for PBXProject "alphatron" */;
			compatibilityVersion = "Xcode 3.2";
			developmentRegion = English;
			hasScannedForEncodings = 0;
			knownRegions = (
				en,
				Base,
			);
			mainGroup = 954A67D32053E54F001781EC;
			productRefGroup = 954A67DD2053E54F001781EC /* Products */;
			projectDirPath = "";
			projectRoot = "";
			targets = (
				954A67DB2053E54F001781EC /* alphatron */,
			);
		};
/* End PBXProject section */

/* Begin PBXResourcesBuildPhase section */
		954A67DA2053E54F001781EC /* Resources */ = {
			isa = PBXResourcesBuildPhase;
			buildActionMask = 2147483647;
			files = (
				954A67EA2053E54F001781EC /* LaunchScreen.storyboard in Resources */,
				954A67E72053E54F001781EC /* Assets.xcassets in Resources */,
				954A67E52053E54F001781EC /* Main.storyboard in Resources */,
			);
			runOnlyForDeploymentPostprocessing = 0;
		};
/* End PBXResourcesBuildPhase section */

/* Begin PBXSourcesBuildPhase section */
		954A67D82053E54F001781EC /* Sources */ = {
			isa = PBXSourcesBuildPhase;
			buildActionMask = 2147483647;
			files = (
				954A67E22053E54F001781EC /* ViewController.swift in Sources */,
				954A67F22053E912001781EC /* FleetViewController.swift in Sources */,
				951D20E820B1C4BF00763178 /* EquipDetailsViewController.swift in Sources */,
				950ABA4D20B0B17A0007E50F /* ShipDetailTableViewCell.swift in Sources */,
				95ACCE2D2080188900BC6977 /* EquipTableViewCell.swift in Sources */,
				95F6BE2020B0894800F8AFCB /* EditingViewController.swift in Sources */,
				95ACCE292080091600BC6977 /* ShipViewController.swift in Sources */,
				950BB2CE20A9ECC800D5536F /* AuthViewController.swift in Sources */,
				954A67E02053E54F001781EC /* AppDelegate.swift in Sources */,
			);
			runOnlyForDeploymentPostprocessing = 0;
		};
/* End PBXSourcesBuildPhase section */

/* Begin PBXVariantGroup section */
		954A67E32053E54F001781EC /* Main.storyboard */ = {
			isa = PBXVariantGroup;
			children = (
				954A67E42053E54F001781EC /* Base */,
			);
			name = Main.storyboard;
			sourceTree = "<group>";
		};
		954A67E82053E54F001781EC /* LaunchScreen.storyboard */ = {
			isa = PBXVariantGroup;
			children = (
				954A67E92053E54F001781EC /* Base */,
			);
			name = LaunchScreen.storyboard;
			sourceTree = "<group>";
		};
/* End PBXVariantGroup section */

/* Begin XCBuildConfiguration section */
		954A67EC2053E54F001781EC /* Debug */ = {
			isa = XCBuildConfiguration;
			buildSettings = {
				ALWAYS_SEARCH_USER_PATHS = NO;
				CLANG_ANALYZER_NONNULL = YES;
				CLANG_ANALYZER_NUMBER_OBJECT_CONVERSION = YES_AGGRESSIVE;
				CLANG_CXX_LANGUAGE_STANDARD = "gnu++0x";
				CLANG_CXX_LIBRARY = "libc++";
				CLANG_ENABLE_MODULES = YES;
				CLANG_ENABLE_OBJC_ARC = YES;
				CLANG_WARN_BOOL_CONVERSION = YES;
				CLANG_WARN_CONSTANT_CONVERSION = YES;
				CLANG_WARN_DIRECT_OBJC_ISA_USAGE = YES_ERROR;
				CLANG_WARN_DOCUMENTATION_COMMENTS = YES;
				CLANG_WARN_EMPTY_BODY = YES;
				CLANG_WARN_ENUM_CONVERSION = YES;
				CLANG_WARN_INFINITE_RECURSION = YES;
				CLANG_WARN_INT_CONVERSION = YES;
				CLANG_WARN_OBJC_ROOT_CLASS = YES_ERROR;
				CLANG_WARN_SUSPICIOUS_MOVE = YES;
				CLANG_WARN_UNREACHABLE_CODE = YES;
				CLANG_WARN__DUPLICATE_METHOD_MATCH = YES;
				"CODE_SIGN_IDENTITY[sdk=iphoneos*]" = "iPhone Developer";
				COPY_PHASE_STRIP = NO;
				DEBUG_INFORMATION_FORMAT = dwarf;
				ENABLE_STRICT_OBJC_MSGSEND = YES;
				ENABLE_TESTABILITY = YES;
				GCC_C_LANGUAGE_STANDARD = gnu99;
				GCC_DYNAMIC_NO_PIC = NO;
				GCC_NO_COMMON_BLOCKS = YES;
				GCC_OPTIMIZATION_LEVEL = 0;
				GCC_PREPROCESSOR_DEFINITIONS = (
					"DEBUG=1",
					"$(inherited)",
				);
				GCC_WARN_64_TO_32_BIT_CONVERSION = YES;
				GCC_WARN_ABOUT_RETURN_TYPE = YES_ERROR;
				GCC_WARN_UNDECLARED_SELECTOR = YES;
				GCC_WARN_UNINITIALIZED_AUTOS = YES_AGGRESSIVE;
				GCC_WARN_UNUSED_FUNCTION = YES;
				GCC_WARN_UNUSED_VARIABLE = YES;
				IPHONEOS_DEPLOYMENT_TARGET = 10.3;
				MTL_ENABLE_DEBUG_INFO = YES;
				ONLY_ACTIVE_ARCH = YES;
				SDKROOT = iphoneos;
				SWIFT_ACTIVE_COMPILATION_CONDITIONS = DEBUG;
				SWIFT_OPTIMIZATION_LEVEL = "-Onone";
				TARGETED_DEVICE_FAMILY = "1,2";
			};
			name = Debug;
		};
		954A67ED2053E54F001781EC /* Release */ = {
			isa = XCBuildConfiguration;
			buildSettings = {
				ALWAYS_SEARCH_USER_PATHS = NO;
				CLANG_ANALYZER_NONNULL = YES;
				CLANG_ANALYZER_NUMBER_OBJECT_CONVERSION = YES_AGGRESSIVE;
				CLANG_CXX_LANGUAGE_STANDARD = "gnu++0x";
				CLANG_CXX_LIBRARY = "libc++";
				CLANG_ENABLE_MODULES = YES;
				CLANG_ENABLE_OBJC_ARC = YES;
				CLANG_WARN_BOOL_CONVERSION = YES;
				CLANG_WARN_CONSTANT_CONVERSION = YES;
				CLANG_WARN_DIRECT_OBJC_ISA_USAGE = YES_ERROR;
				CLANG_WARN_DOCUMENTATION_COMMENTS = YES;
				CLANG_WARN_EMPTY_BODY = YES;
				CLANG_WARN_ENUM_CONVERSION = YES;
				CLANG_WARN_INFINITE_RECURSION = YES;
				CLANG_WARN_INT_CONVERSION = YES;
				CLANG_WARN_OBJC_ROOT_CLASS = YES_ERROR;
				CLANG_WARN_SUSPICIOUS_MOVE = YES;
				CLANG_WARN_UNREACHABLE_CODE = YES;
				CLANG_WARN__DUPLICATE_METHOD_MATCH = YES;
				"CODE_SIGN_IDENTITY[sdk=iphoneos*]" = "iPhone Developer";
				COPY_PHASE_STRIP = NO;
				DEBUG_INFORMATION_FORMAT = "dwarf-with-dsym";
				ENABLE_NS_ASSERTIONS = NO;
				ENABLE_STRICT_OBJC_MSGSEND = YES;
				GCC_C_LANGUAGE_STANDARD = gnu99;
				GCC_NO_COMMON_BLOCKS = YES;
				GCC_WARN_64_TO_32_BIT_CONVERSION = YES;
				GCC_WARN_ABOUT_RETURN_TYPE = YES_ERROR;
				GCC_WARN_UNDECLARED_SELECTOR = YES;
				GCC_WARN_UNINITIALIZED_AUTOS = YES_AGGRESSIVE;
				GCC_WARN_UNUSED_FUNCTION = YES;
				GCC_WARN_UNUSED_VARIABLE = YES;
				IPHONEOS_DEPLOYMENT_TARGET = 10.3;
				MTL_ENABLE_DEBUG_INFO = NO;
				SDKROOT = iphoneos;
				SWIFT_OPTIMIZATION_LEVEL = "-Owholemodule";
				TARGETED_DEVICE_FAMILY = "1,2";
				VALIDATE_PRODUCT = YES;
			};
			name = Release;
		};
		954A67EF2053E54F001781EC /* Debug */ = {
			isa = XCBuildConfiguration;
			buildSettings = {
				ASSETCATALOG_COMPILER_APPICON_NAME = AppIcon;
				INFOPLIST_FILE = alphatron/Info.plist;
				LD_RUNPATH_SEARCH_PATHS = "$(inherited) @executable_path/Frameworks";
				PRODUCT_BUNDLE_IDENTIFIER = ANN.alphatron;
				PRODUCT_NAME = "$(TARGET_NAME)";
				SWIFT_VERSION = 3.0;
			};
			name = Debug;
		};
		954A67F02053E54F001781EC /* Release */ = {
			isa = XCBuildConfiguration;
			buildSettings = {
				ASSETCATALOG_COMPILER_APPICON_NAME = AppIcon;
				INFOPLIST_FILE = alphatron/Info.plist;
				LD_RUNPATH_SEARCH_PATHS = "$(inherited) @executable_path/Frameworks";
				PRODUCT_BUNDLE_IDENTIFIER = ANN.alphatron;
				PRODUCT_NAME = "$(TARGET_NAME)";
				SWIFT_VERSION = 3.0;
			};
			name = Release;
		};
/* End XCBuildConfiguration section */

/* Begin XCConfigurationList section */
		954A67D72053E54F001781EC /* Build configuration list for PBXProject "alphatron" */ = {
			isa = XCConfigurationList;
			buildConfigurations = (
				954A67EC2053E54F001781EC /* Debug */,
				954A67ED2053E54F001781EC /* Release */,
			);
			defaultConfigurationIsVisible = 0;
			defaultConfigurationName = Release;
		};
		954A67EE2053E54F001781EC /* Build configuration list for PBXNativeTarget "alphatron" */ = {
			isa = XCConfigurationList;
			buildConfigurations = (
				954A67EF2053E54F001781EC /* Debug */,
				954A67F02053E54F001781EC /* Release */,
			);
			defaultConfigurationIsVisible = 0;
			defaultConfigurationName = Release;
		};
/* End XCConfigurationList section */
	};
	rootObject = 954A67D42053E54F001781EC /* Project object */;
}
